// !$*UTF8*$!
{
	archiveVersion = 1;
	classes = {
	};
	objectVersion = 50;
	objects = {

/* Begin PBXBuildFile section */
		570525C021A1E33700A1A8EF /* AppDelegate.swift in Sources */ = {isa = PBXBuildFile; fileRef = 570525BF21A1E33700A1A8EF /* AppDelegate.swift */; };
		570525C521A1E33700A1A8EF /* Main.storyboard in Resources */ = {isa = PBXBuildFile; fileRef = 570525C321A1E33700A1A8EF /* Main.storyboard */; };
		570525C721A1E33900A1A8EF /* Assets.xcassets in Resources */ = {isa = PBXBuildFile; fileRef = 570525C621A1E33900A1A8EF /* Assets.xcassets */; };
		570525CA21A1E33900A1A8EF /* LaunchScreen.storyboard in Resources */ = {isa = PBXBuildFile; fileRef = 570525C821A1E33900A1A8EF /* LaunchScreen.storyboard */; };
		570525D321A1E8D600A1A8EF /* HistoryViewController.swift in Sources */ = {isa = PBXBuildFile; fileRef = 570525D221A1E8D600A1A8EF /* HistoryViewController.swift */; };
		570525D521A1E8FA00A1A8EF /* OccurrenceViewController.swift in Sources */ = {isa = PBXBuildFile; fileRef = 570525D421A1E8FA00A1A8EF /* OccurrenceViewController.swift */; };
		570525D721A1E90F00A1A8EF /* ProfileViewController.swift in Sources */ = {isa = PBXBuildFile; fileRef = 570525D621A1E90F00A1A8EF /* ProfileViewController.swift */; };
		570525DC21A1F82900A1A8EF /* PointsView.xib in Resources */ = {isa = PBXBuildFile; fileRef = 570525DB21A1F82900A1A8EF /* PointsView.xib */; };
		570525DE21A1F83700A1A8EF /* PointsView.swift in Sources */ = {isa = PBXBuildFile; fileRef = 570525DD21A1F83700A1A8EF /* PointsView.swift */; };
		570525E121A2084F00A1A8EF /* UIColorExtension.swift in Sources */ = {isa = PBXBuildFile; fileRef = 570525E021A2084F00A1A8EF /* UIColorExtension.swift */; };
		570525E421A20A5700A1A8EF /* OccurrencyTableViewCell.swift in Sources */ = {isa = PBXBuildFile; fileRef = 570525E221A20A5700A1A8EF /* OccurrencyTableViewCell.swift */; };
		570525E521A20A5700A1A8EF /* OccurrencyTableViewCell.xib in Resources */ = {isa = PBXBuildFile; fileRef = 570525E321A20A5700A1A8EF /* OccurrencyTableViewCell.xib */; };
/* End PBXBuildFile section */

/* Begin PBXFileReference section */
		570525BC21A1E33700A1A8EF /* hackatonApp.app */ = {isa = PBXFileReference; explicitFileType = wrapper.application; includeInIndex = 0; path = hackatonApp.app; sourceTree = BUILT_PRODUCTS_DIR; };
		570525BF21A1E33700A1A8EF /* AppDelegate.swift */ = {isa = PBXFileReference; lastKnownFileType = sourcecode.swift; path = AppDelegate.swift; sourceTree = "<group>"; };
		570525C421A1E33700A1A8EF /* Base */ = {isa = PBXFileReference; lastKnownFileType = file.storyboard; name = Base; path = Base.lproj/Main.storyboard; sourceTree = "<group>"; };
		570525C621A1E33900A1A8EF /* Assets.xcassets */ = {isa = PBXFileReference; lastKnownFileType = folder.assetcatalog; path = Assets.xcassets; sourceTree = "<group>"; };
		570525C921A1E33900A1A8EF /* Base */ = {isa = PBXFileReference; lastKnownFileType = file.storyboard; name = Base; path = Base.lproj/LaunchScreen.storyboard; sourceTree = "<group>"; };
		570525CB21A1E33900A1A8EF /* Info.plist */ = {isa = PBXFileReference; lastKnownFileType = text.plist.xml; path = Info.plist; sourceTree = "<group>"; };
		570525D221A1E8D600A1A8EF /* HistoryViewController.swift */ = {isa = PBXFileReference; lastKnownFileType = sourcecode.swift; path = HistoryViewController.swift; sourceTree = "<group>"; };
		570525D421A1E8FA00A1A8EF /* OccurrenceViewController.swift */ = {isa = PBXFileReference; lastKnownFileType = sourcecode.swift; path = OccurrenceViewController.swift; sourceTree = "<group>"; };
		570525D621A1E90F00A1A8EF /* ProfileViewController.swift */ = {isa = PBXFileReference; lastKnownFileType = sourcecode.swift; path = ProfileViewController.swift; sourceTree = "<group>"; };
		570525DB21A1F82900A1A8EF /* PointsView.xib */ = {isa = PBXFileReference; lastKnownFileType = file.xib; path = PointsView.xib; sourceTree = "<group>"; };
		570525DD21A1F83700A1A8EF /* PointsView.swift */ = {isa = PBXFileReference; lastKnownFileType = sourcecode.swift; path = PointsView.swift; sourceTree = "<group>"; };
		570525E021A2084F00A1A8EF /* UIColorExtension.swift */ = {isa = PBXFileReference; lastKnownFileType = sourcecode.swift; path = UIColorExtension.swift; sourceTree = "<group>"; };
		570525E221A20A5700A1A8EF /* OccurrencyTableViewCell.swift */ = {isa = PBXFileReference; lastKnownFileType = sourcecode.swift; path = OccurrencyTableViewCell.swift; sourceTree = "<group>"; };
		570525E321A20A5700A1A8EF /* OccurrencyTableViewCell.xib */ = {isa = PBXFileReference; lastKnownFileType = file.xib; path = OccurrencyTableViewCell.xib; sourceTree = "<group>"; };
/* End PBXFileReference section */

/* Begin PBXFrameworksBuildPhase section */
		570525B921A1E33700A1A8EF /* Frameworks */ = {
			isa = PBXFrameworksBuildPhase;
			buildActionMask = 2147483647;
			files = (
			);
			runOnlyForDeploymentPostprocessing = 0;
		};
/* End PBXFrameworksBuildPhase section */

/* Begin PBXGroup section */
		570525B321A1E33700A1A8EF = {
			isa = PBXGroup;
			children = (
				570525BE21A1E33700A1A8EF /* hackatonApp */,
				570525BD21A1E33700A1A8EF /* Products */,
			);
			sourceTree = "<group>";
		};
		570525BD21A1E33700A1A8EF /* Products */ = {
			isa = PBXGroup;
			children = (
				570525BC21A1E33700A1A8EF /* hackatonApp.app */,
			);
			name = Products;
			sourceTree = "<group>";
		};
		570525BE21A1E33700A1A8EF /* hackatonApp */ = {
			isa = PBXGroup;
			children = (
				570525DF21A2083A00A1A8EF /* Helpers */,
				570525D821A1F7D100A1A8EF /* Components */,
				570525D121A1E8AC00A1A8EF /* Controllers */,
				570525BF21A1E33700A1A8EF /* AppDelegate.swift */,
				570525C321A1E33700A1A8EF /* Main.storyboard */,
				570525C621A1E33900A1A8EF /* Assets.xcassets */,
				570525C821A1E33900A1A8EF /* LaunchScreen.storyboard */,
				570525CB21A1E33900A1A8EF /* Info.plist */,
			);
			path = hackatonApp;
			sourceTree = "<group>";
		};
		570525D121A1E8AC00A1A8EF /* Controllers */ = {
			isa = PBXGroup;
			children = (
				570525D221A1E8D600A1A8EF /* HistoryViewController.swift */,
				570525D421A1E8FA00A1A8EF /* OccurrenceViewController.swift */,
				570525D621A1E90F00A1A8EF /* ProfileViewController.swift */,
			);
			path = Controllers;
			sourceTree = "<group>";
		};
		570525D821A1F7D100A1A8EF /* Components */ = {
			isa = PBXGroup;
			children = (
				570525DB21A1F82900A1A8EF /* PointsView.xib */,
				570525DD21A1F83700A1A8EF /* PointsView.swift */,
				570525E221A20A5700A1A8EF /* OccurrencyTableViewCell.swift */,
				570525E321A20A5700A1A8EF /* OccurrencyTableViewCell.xib */,
			);
			path = Components;
			sourceTree = "<group>";
		};
		570525DF21A2083A00A1A8EF /* Helpers */ = {
			isa = PBXGroup;
			children = (
				570525E021A2084F00A1A8EF /* UIColorExtension.swift */,
			);
			path = Helpers;
			sourceTree = "<group>";
		};
/* End PBXGroup section */

/* Begin PBXNativeTarget section */
		570525BB21A1E33700A1A8EF /* hackatonApp */ = {
			isa = PBXNativeTarget;
			buildConfigurationList = 570525CE21A1E33900A1A8EF /* Build configuration list for PBXNativeTarget "hackatonApp" */;
			buildPhases = (
				570525B821A1E33700A1A8EF /* Sources */,
				570525B921A1E33700A1A8EF /* Frameworks */,
				570525BA21A1E33700A1A8EF /* Resources */,
			);
			buildRules = (
			);
			dependencies = (
			);
			name = hackatonApp;
			productName = hackatonApp;
			productReference = 570525BC21A1E33700A1A8EF /* hackatonApp.app */;
			productType = "com.apple.product-type.application";
		};
/* End PBXNativeTarget section */

/* Begin PBXProject section */
		570525B421A1E33700A1A8EF /* Project object */ = {
			isa = PBXProject;
			attributes = {
				LastSwiftUpdateCheck = 1010;
				LastUpgradeCheck = 1010;
				ORGANIZATIONNAME = "Jully Nobre";
				TargetAttributes = {
					570525BB21A1E33700A1A8EF = {
						CreatedOnToolsVersion = 10.1;
					};
				};
			};
			buildConfigurationList = 570525B721A1E33700A1A8EF /* Build configuration list for PBXProject "hackatonApp" */;
			compatibilityVersion = "Xcode 9.3";
			developmentRegion = en;
			hasScannedForEncodings = 0;
			knownRegions = (
				en,
				Base,
			);
			mainGroup = 570525B321A1E33700A1A8EF;
			productRefGroup = 570525BD21A1E33700A1A8EF /* Products */;
			projectDirPath = "";
			projectRoot = "";
			targets = (
				570525BB21A1E33700A1A8EF /* hackatonApp */,
			);
		};
/* End PBXProject section */

/* Begin PBXResourcesBuildPhase section */
		570525BA21A1E33700A1A8EF /* Resources */ = {
			isa = PBXResourcesBuildPhase;
			buildActionMask = 2147483647;
			files = (
				570525DC21A1F82900A1A8EF /* PointsView.xib in Resources */,
				570525CA21A1E33900A1A8EF /* LaunchScreen.storyboard in Resources */,
				570525E521A20A5700A1A8EF /* OccurrencyTableViewCell.xib in Resources */,
				570525C721A1E33900A1A8EF /* Assets.xcassets in Resources */,
				570525C521A1E33700A1A8EF /* Main.storyboard in Resources */,
			);
			runOnlyForDeploymentPostprocessing = 0;
		};
/* End PBXResourcesBuildPhase section */

/* Begin PBXSourcesBuildPhase section */
		570525B821A1E33700A1A8EF /* Sources */ = {
			isa = PBXSourcesBuildPhase;
			buildActionMask = 2147483647;
			files = (
				570525D521A1E8FA00A1A8EF /* OccurrenceViewController.swift in Sources */,
				570525C021A1E33700A1A8EF /* AppDelegate.swift in Sources */,
				570525DE21A1F83700A1A8EF /* PointsView.swift in Sources */,
				570525D721A1E90F00A1A8EF /* ProfileViewController.swift in Sources */,
				570525E421A20A5700A1A8EF /* OccurrencyTableViewCell.swift in Sources */,
				570525D321A1E8D600A1A8EF /* HistoryViewController.swift in Sources */,
				570525E121A2084F00A1A8EF /* UIColorExtension.swift in Sources */,
			);
			runOnlyForDeploymentPostprocessing = 0;
		};
/* End PBXSourcesBuildPhase section */

/* Begin PBXVariantGroup section */
		570525C321A1E33700A1A8EF /* Main.storyboard */ = {
			isa = PBXVariantGroup;
			children = (
				570525C421A1E33700A1A8EF /* Base */,
			);
			name = Main.storyboard;
			sourceTree = "<group>";
		};
		570525C821A1E33900A1A8EF /* LaunchScreen.storyboard */ = {
			isa = PBXVariantGroup;
			children = (
				570525C921A1E33900A1A8EF /* Base */,
			);
			name = LaunchScreen.storyboard;
			sourceTree = "<group>";
		};
/* End PBXVariantGroup section */

/* Begin XCBuildConfiguration section */
		570525CC21A1E33900A1A8EF /* Debug */ = {
			isa = XCBuildConfiguration;
			buildSettings = {
				ALWAYS_SEARCH_USER_PATHS = NO;
				CLANG_ANALYZER_NONNULL = YES;
				CLANG_ANALYZER_NUMBER_OBJECT_CONVERSION = YES_AGGRESSIVE;
				CLANG_CXX_LANGUAGE_STANDARD = "gnu++14";
				CLANG_CXX_LIBRARY = "libc++";
				CLANG_ENABLE_MODULES = YES;
				CLANG_ENABLE_OBJC_ARC = YES;
				CLANG_ENABLE_OBJC_WEAK = YES;
				CLANG_WARN_BLOCK_CAPTURE_AUTORELEASING = YES;
				CLANG_WARN_BOOL_CONVERSION = YES;
				CLANG_WARN_COMMA = YES;
				CLANG_WARN_CONSTANT_CONVERSION = YES;
				CLANG_WARN_DEPRECATED_OBJC_IMPLEMENTATIONS = YES;
				CLANG_WARN_DIRECT_OBJC_ISA_USAGE = YES_ERROR;
				CLANG_WARN_DOCUMENTATION_COMMENTS = YES;
				CLANG_WARN_EMPTY_BODY = YES;
				CLANG_WARN_ENUM_CONVERSION = YES;
				CLANG_WARN_INFINITE_RECURSION = YES;
				CLANG_WARN_INT_CONVERSION = YES;
				CLANG_WARN_NON_LITERAL_NULL_CONVERSION = YES;
				CLANG_WARN_OBJC_IMPLICIT_RETAIN_SELF = YES;
				CLANG_WARN_OBJC_LITERAL_CONVERSION = YES;
				CLANG_WARN_OBJC_ROOT_CLASS = YES_ERROR;
				CLANG_WARN_RANGE_LOOP_ANALYSIS = YES;
				CLANG_WARN_STRICT_PROTOTYPES = YES;
				CLANG_WARN_SUSPICIOUS_MOVE = YES;
				CLANG_WARN_UNGUARDED_AVAILABILITY = YES_AGGRESSIVE;
				CLANG_WARN_UNREACHABLE_CODE = YES;
				CLANG_WARN__DUPLICATE_METHOD_MATCH = YES;
				CODE_SIGN_IDENTITY = "iPhone Developer";
				COPY_PHASE_STRIP = NO;
				DEBUG_INFORMATION_FORMAT = dwarf;
				ENABLE_STRICT_OBJC_MSGSEND = YES;
				ENABLE_TESTABILITY = YES;
				GCC_C_LANGUAGE_STANDARD = gnu11;
				GCC_DYNAMIC_NO_PIC = NO;
				GCC_NO_COMMON_BLOCKS = YES;
				GCC_OPTIMIZATION_LEVEL = 0;
				GCC_PREPROCESSOR_DEFINITIONS = (
					"DEBUG=1",
					"$(inherited)",
				);
				GCC_WARN_64_TO_32_BIT_CONVERSION = YES;
				GCC_WARN_ABOUT_RETURN_TYPE = YES_ERROR;
				GCC_WARN_UNDECLARED_SELECTOR = YES;
				GCC_WARN_UNINITIALIZED_AUTOS = YES_AGGRESSIVE;
				GCC_WARN_UNUSED_FUNCTION = YES;
				GCC_WARN_UNUSED_VARIABLE = YES;
				IPHONEOS_DEPLOYMENT_TARGET = 12.1;
				MTL_ENABLE_DEBUG_INFO = INCLUDE_SOURCE;
				MTL_FAST_MATH = YES;
				ONLY_ACTIVE_ARCH = YES;
				SDKROOT = iphoneos;
				SWIFT_ACTIVE_COMPILATION_CONDITIONS = DEBUG;
				SWIFT_OPTIMIZATION_LEVEL = "-Onone";
			};
			name = Debug;
		};
		570525CD21A1E33900A1A8EF /* Release */ = {
			isa = XCBuildConfiguration;
			buildSettings = {
				ALWAYS_SEARCH_USER_PATHS = NO;
				CLANG_ANALYZER_NONNULL = YES;
				CLANG_ANALYZER_NUMBER_OBJECT_CONVERSION = YES_AGGRESSIVE;
				CLANG_CXX_LANGUAGE_STANDARD = "gnu++14";
				CLANG_CXX_LIBRARY = "libc++";
				CLANG_ENABLE_MODULES = YES;
				CLANG_ENABLE_OBJC_ARC = YES;
				CLANG_ENABLE_OBJC_WEAK = YES;
				CLANG_WARN_BLOCK_CAPTURE_AUTORELEASING = YES;
				CLANG_WARN_BOOL_CONVERSION = YES;
				CLANG_WARN_COMMA = YES;
				CLANG_WARN_CONSTANT_CONVERSION = YES;
				CLANG_WARN_DEPRECATED_OBJC_IMPLEMENTATIONS = YES;
				CLANG_WARN_DIRECT_OBJC_ISA_USAGE = YES_ERROR;
				CLANG_WARN_DOCUMENTATION_COMMENTS = YES;
				CLANG_WARN_EMPTY_BODY = YES;
				CLANG_WARN_ENUM_CONVERSION = YES;
				CLANG_WARN_INFINITE_RECURSION = YES;
				CLANG_WARN_INT_CONVERSION = YES;
				CLANG_WARN_NON_LITERAL_NULL_CONVERSION = YES;
				CLANG_WARN_OBJC_IMPLICIT_RETAIN_SELF = YES;
				CLANG_WARN_OBJC_LITERAL_CONVERSION = YES;
				CLANG_WARN_OBJC_ROOT_CLASS = YES_ERROR;
				CLANG_WARN_RANGE_LOOP_ANALYSIS = YES;
				CLANG_WARN_STRICT_PROTOTYPES = YES;
				CLANG_WARN_SUSPICIOUS_MOVE = YES;
				CLANG_WARN_UNGUARDED_AVAILABILITY = YES_AGGRESSIVE;
				CLANG_WARN_UNREACHABLE_CODE = YES;
				CLANG_WARN__DUPLICATE_METHOD_MATCH = YES;
				CODE_SIGN_IDENTITY = "iPhone Developer";
				COPY_PHASE_STRIP = NO;
				DEBUG_INFORMATION_FORMAT = "dwarf-with-dsym";
				ENABLE_NS_ASSERTIONS = NO;
				ENABLE_STRICT_OBJC_MSGSEND = YES;
				GCC_C_LANGUAGE_STANDARD = gnu11;
				GCC_NO_COMMON_BLOCKS = YES;
				GCC_WARN_64_TO_32_BIT_CONVERSION = YES;
				GCC_WARN_ABOUT_RETURN_TYPE = YES_ERROR;
				GCC_WARN_UNDECLARED_SELECTOR = YES;
				GCC_WARN_UNINITIALIZED_AUTOS = YES_AGGRESSIVE;
				GCC_WARN_UNUSED_FUNCTION = YES;
				GCC_WARN_UNUSED_VARIABLE = YES;
				IPHONEOS_DEPLOYMENT_TARGET = 12.1;
				MTL_ENABLE_DEBUG_INFO = NO;
				MTL_FAST_MATH = YES;
				SDKROOT = iphoneos;
				SWIFT_COMPILATION_MODE = wholemodule;
				SWIFT_OPTIMIZATION_LEVEL = "-O";
				VALIDATE_PRODUCT = YES;
			};
			name = Release;
		};
		570525CF21A1E33900A1A8EF /* Debug */ = {
			isa = XCBuildConfiguration;
			buildSettings = {
				ASSETCATALOG_COMPILER_APPICON_NAME = AppIcon;
				CODE_SIGN_STYLE = Automatic;
				DEVELOPMENT_TEAM = U9XP2P92X2;
				INFOPLIST_FILE = hackatonApp/Info.plist;
				LD_RUNPATH_SEARCH_PATHS = (
					"$(inherited)",
					"@executable_path/Frameworks",
				);
				PRODUCT_BUNDLE_IDENTIFIER = br.academy.ifce.hackatonApp;
				PRODUCT_NAME = "$(TARGET_NAME)";
				SWIFT_VERSION = 4.2;
				TARGETED_DEVICE_FAMILY = "1,2";
			};
			name = Debug;
		};
		570525D021A1E33900A1A8EF /* Release */ = {
			isa = XCBuildConfiguration;
			buildSettings = {
				ASSETCATALOG_COMPILER_APPICON_NAME = AppIcon;
				CODE_SIGN_STYLE = Automatic;
				DEVELOPMENT_TEAM = U9XP2P92X2;
				INFOPLIST_FILE = hackatonApp/Info.plist;
				LD_RUNPATH_SEARCH_PATHS = (
					"$(inherited)",
					"@executable_path/Frameworks",
				);
				PRODUCT_BUNDLE_IDENTIFIER = br.academy.ifce.hackatonApp;
				PRODUCT_NAME = "$(TARGET_NAME)";
				SWIFT_VERSION = 4.2;
				TARGETED_DEVICE_FAMILY = "1,2";
			};
			name = Release;
		};
/* End XCBuildConfiguration section */

/* Begin XCConfigurationList section */
		570525B721A1E33700A1A8EF /* Build configuration list for PBXProject "hackatonApp" */ = {
			isa = XCConfigurationList;
			buildConfigurations = (
				570525CC21A1E33900A1A8EF /* Debug */,
				570525CD21A1E33900A1A8EF /* Release */,
			);
			defaultConfigurationIsVisible = 0;
			defaultConfigurationName = Release;
		};
		570525CE21A1E33900A1A8EF /* Build configuration list for PBXNativeTarget "hackatonApp" */ = {
			isa = XCConfigurationList;
			buildConfigurations = (
				570525CF21A1E33900A1A8EF /* Debug */,
				570525D021A1E33900A1A8EF /* Release */,
			);
			defaultConfigurationIsVisible = 0;
			defaultConfigurationName = Release;
		};
/* End XCConfigurationList section */
	};
	rootObject = 570525B421A1E33700A1A8EF /* Project object */;
}
